{
  "version": 4,
  "terraform_version": "1.16.2",
  "serial": 8,
  "lineage": "714c8760-7ee5-32fe-ba32-3ba59e367f09",
  "outputs": {
    "honeypot_private_ip": {
      "value": "10.0.1.3",
      "type": "string"
    },
    "honeypot_public_ip": {
      "value": "35.224.179.191",
      "type": "string"
    },
    "security_posture_summary": {
      "value": "╔══════════════════════════════════════════════════════════════╗\n║           SIEM Lab — Security Posture Summary                ║\n╠══════════════════════════════════════════════════════════════╣\n║ HONEYPOT VM: 35.224.179.191\n║   • TCP 22  → 0.0.0.0/0      ← INTENTIONAL HONEYPOT        ║\n╠══════════════════════════════════════════════════════════════╣\n║ SIEM VM: 34.29.210.72\n║   • TCP 22  → 58.84.62.206/32 (your IP only)\n║   • TCP 443 → 58.84.62.206/32 (your IP only)\n║   • TCP 1514→ 10.0.1.3 (honeypot only)\n║   • TCP 1515→ 10.0.1.3 (honeypot only)\n╚══════════════════════════════════════════════════════════════╝\n",
      "type": "string"
    },
    "siem_private_ip": {
      "value": "10.0.1.2",
      "type": "string"
    },
    "siem_public_ip": {
      "value": "34.29.210.72",
      "type": "string"
    },
    "ssh_honeypot": {
      "value": "ssh -i ~/.ssh/siem_lab_key ubuntu@35.224.179.191",
      "type": "string"
    },
    "ssh_siem": {
      "value": "ssh -i ~/.ssh/siem_lab_key ubuntu@34.29.210.72",
      "type": "string"
    },
    "wazuh_dashboard_url": {
      "value": "https://34.29.210.72",
      "type": "string"
    }
  },
  "resources": [
    {
      "mode": "managed",
      "type": "google_compute_firewall",
      "name": "honeypot_allow_ssh_public",
      "provider": "provider[\"registry.terraform.io/hashicorp/google\"]",
      "instances": [
        {
          "schema_version": 1,
          "attributes": {
            "allow": [
              {
                "ports": [
                  "22"
                ],
                "protocol": "tcp"
              }
            ],
            "creation_timestamp": "2026-09-11T15:10:22.196-07:00",
            "deny": [],
            "description": "HONEYPOT: SSH intentionally exposed to the internet",
            "destination_ranges": [],
            "direction": "INGRESS",
            "disabled": false,
            "enable_logging": null,
            "id": "projects/siem-detection-lab/global/firewalls/honeypot-allow-ssh-public",
            "log_config": [],
            "name": "honeypot-allow-ssh-public",
            "network": "https://www.googleapis.com/compute/v1/projects/siem-detection-lab/global/networks/siem-lab-vpc",
            "priority": 1000,
            "project": "siem-detection-lab",
            "self_link": "https://www.googleapis.com/compute/v1/projects/siem-detection-lab/global/firewalls/honeypot-allow-ssh-public",
            "source_ranges": [
              "0.0.0.0/0"
            ],
            "source_service_accounts": null,
            "source_tags": null,
            "target_service_accounts": null,
            "target_tags": [
              "honeypot"
            ],
            "timeouts": null
          },
          "sensitive_attributes": [],
          "identity_schema_version": 0,
          "private": "eyJlMmJmYjczMC1lY2FhLTExZTYtOGY4OC0zNDM2M2JjN2M0YzAiOnsiY3JlYXRlIjoxMjAwMDAwMDAwMDAwLCJkZWxldGUiOjEyMDAwMDAwMDAwMDAsInVwZGF0ZSI6MTIwMDAwMDAwMDAwMH0sInNjaGVtYV92ZXJzaW9uIjoiMSJ9",
          "dependencies": [
            "google_compute_network.siem_lab_vpc"
          ]
        }
      ]
    },
    {
      "mode": "managed",
      "type": "google_compute_firewall",
      "name": "siem_allow_agent",
      "provider": "provider[\"registry.terraform.io/hashicorp/google\"]",
      "instances": [
        {
          "schema_version": 1,
          "attributes": {
            "allow": [
              {
                "ports": [
                  "1514",
                  "1515"
                ],
                "protocol": "tcp"
              }
            ],
            "creation_timestamp": "2026-09-11T15:10:22.321-07:00",
            "deny": [],
            "description": "SIEM: Wazuh agent ports allowed only from Honeypot VM",
            "destination_ranges": [],
            "direction": "INGRESS",
            "disabled": false,
            "enable_logging": null,
            "id": "projects/siem-detection-lab/global/firewalls/siem-allow-agent",
            "log_config": [],
            "name": "siem-allow-agent",
            "network": "https://www.googleapis.com/compute/v1/projects/siem-detection-lab/global/networks/siem-lab-vpc",
            "priority": 1000,
            "project": "siem-detection-lab",
            "self_link": "https://www.googleapis.com/compute/v1/projects/siem-detection-lab/global/firewalls/siem-allow-agent",
            "source_ranges": null,
            "source_service_accounts": null,
            "source_tags": [
              "honeypot"
            ],
            "target_service_accounts": null,
            "target_tags": [
              "siem"
            ],
            "timeouts": null
          },
          "sensitive_attributes": [],
          "identity_schema_version": 0,
          "private": "eyJlMmJmYjczMC1lY2FhLTExZTYtOGY4OC0zNDM2M2JjN2M0YzAiOnsiY3JlYXRlIjoxMjAwMDAwMDAwMDAwLCJkZWxldGUiOjEyMDAwMDAwMDAwMDAsInVwZGF0ZSI6MTIwMDAwMDAwMDAwMH0sInNjaGVtYV92ZXJzaW9uIjoiMSJ9",
          "dependencies": [
            "google_compute_network.siem_lab_vpc"
          ]
        }
      ]
    },
    {
      "mode": "managed",
      "type": "google_compute_firewall",
      "name": "siem_allow_mgmt",
      "provider": "provider[\"registry.terraform.io/hashicorp/google\"]",
      "instances": [
        {
          "schema_version": 1,
          "attributes": {
            "allow": [
              {
                "ports": [
                  "22",
                  "443"
                ],
                "protocol": "tcp"
              }
            ],
            "creation_timestamp": "2026-09-11T15:10:22.232-07:00",
            "deny": [],
            "description": "SIEM: SSH and Dashboard restricted to your IP only",
            "destination_ranges": [],
            "direction": "INGRESS",
            "disabled": false,
            "enable_logging": null,
            "id": "projects/siem-detection-lab/global/firewalls/siem-allow-mgmt",
            "log_config": [],
            "name": "siem-allow-mgmt",
            "network": "https://www.googleapis.com/compute/v1/projects/siem-detection-lab/global/networks/siem-lab-vpc",
            "priority": 1000,
            "project": "siem-detection-lab",
            "self_link": "https://www.googleapis.com/compute/v1/projects/siem-detection-lab/global/firewalls/siem-allow-mgmt",
            "source_ranges": [
              "58.84.62.206/32"
            ],
            "source_service_accounts": null,
            "source_tags": null,
            "target_service_accounts": null,
            "target_tags": [
              "siem"
            ],
            "timeouts": null
          },
          "sensitive_attributes": [],
          "identity_schema_version": 0,
          "private": "eyJlMmJmYjczMC1lY2FhLTExZTYtOGY4OC0zNDM2M2JjN2M0YzAiOnsiY3JlYXRlIjoxMjAwMDAwMDAwMDAwLCJkZWxldGUiOjEyMDAwMDAwMDAwMDAsInVwZGF0ZSI6MTIwMDAwMDAwMDAwMH0sInNjaGVtYV92ZXJzaW9uIjoiMSJ9",
          "dependencies": [
            "google_compute_network.siem_lab_vpc"
          ]
        }
      ]
    },
    {
      "mode": "managed",
      "type": "google_compute_instance",
      "name": "honeypot",
      "provider": "provider[\"registry.terraform.io/hashicorp/google\"]",
      "instances": [
        {
          "schema_version": 6,
          "attributes": {
            "advanced_machine_features": [],
            "allow_stopping_for_update": null,
            "attached_disk": [],
            "boot_disk": [
              {
                "auto_delete": true,
                "device_name": "persistent-disk-0",
                "disk_encryption_key_raw": "",
                "disk_encryption_key_sha256": "",
                "initialize_params": [
                  {
                    "enable_confidential_compute": false,
                    "image": "https://www.googleapis.com/compute/v1/projects/ubuntu-os-cloud/global/images/ubuntu-2204-jammy-v20260906",
                    "labels": {},
                    "provisioned_iops": 0,
                    "provisioned_throughput": 0,
                    "resource_manager_tags": null,
                    "size": 30,
                    "storage_pool": "",
                    "type": "pd-standard"
                  }
                ],
                "kms_key_self_link": "",
                "mode": "READ_WRITE",
                "source": "https://www.googleapis.com/compute/v1/projects/siem-detection-lab/zones/us-central1-a/disks/siem-lab-honeypot"
              }
            ],
            "can_ip_forward": false,
            "confidential_instance_config": [],
            "cpu_platform": "AMD Rome",
            "current_status": "RUNNING",
            "deletion_protection": false,
            "description": "",
            "desired_status": null,
            "effective_labels": {},
            "enable_display": false,
            "guest_accelerator": [],
            "hostname": "",
            "id": "projects/siem-detection-lab/zones/us-central1-a/instances/siem-lab-honeypot",
            "instance_id": "160127430471303819",
            "label_fingerprint": "42WmSpB8rSM=",
            "labels": null,
            "machine_type": "e2-micro",
            "metadata": {
              "ssh-keys": "ubuntu:ssh-rsa AAAAB3NzaC1yc2EAAAADAQABAAACAQDYRRmqA6qYi13FQhb/Gx6NOkcZvxo+T6Zc8ecM2FrFxzlSJWRqWaGjTANFq2u1V6HeomaC8+UxZTGniujZLgmG7xP1BGrhvoqM9NcVBlMa+Vyy9qx1srB9PLmhJ6k73N4pIpKb7EAe7FQATPt9YEucmgBzop1oUWKhvtXhMtBrQw+oXdcLpDVphtOfG6yITVZjUfEdwvg0D9xyevOT6jD0+QMiH4n/HR6uGIIidZ7Znlp9WRpWhawIXcUcHsFiFnaTLM7tXViHKCrwvRy8RWLRMNw1fE1ZTwwzi5NI4TKoAGeeXT02meUPg38X6sLJ9A+5SvxCgHd2i6kBas7W0XS2ldR8DSxZ48GJ6jXL8Uw2gFSwNf01l7Q5fggHpDvSVMqbccRpkVv35dyPoep6CmEHHRui2o4KzlYpOh5Ah/58Rv5r1HJLsZeicCQAeAMxeRdf4Xpseq7J/taiIHrPnQeEk4n7nFw0xkwjbs8i/oEmbBQqTR4OTshIVXrIdWPceXFkxxxP/DQpA80OEcKNWcdstyMK888nL3yRe+6N5pyt68EybZutRFuRFCbEfTEFhpkrmwS5JylpB8tN2/ONJ2EK+ygGE8som+IS4+NZTFSI1JF+YcsGNKbQF3VRUB5ylmDyE4KQEN8bjvikm3HXa5+RD2RsFuOLWO6bjyRzh21x4w== ubuntu\r\n",
              "startup-script": "#!/usr/bin/env bash\n# =============================================================================\n# setup_honeypot.sh — Honeypot VM Bootstrap\n# Phase 0: Runs automatically on first boot via cloud-init (user_data)\n# Phase 2: Re-run manually with WAZUH_MANAGER_IP set to enroll agent\n#\n# What this does:\n#   1. System updates + essential packages\n#   2. Install auditd + configure exec/file-watch audit rules\n#   3. Harden SSH: disable password auth (key-only), keep port 22 open\n#   4. Install Wazuh agent package (enrollment done in Phase 2)\n#   5. Set up a minimal motd warning (\"DO NOT STORE SENSITIVE DATA\")\n#\n# What this does NOT do (intentionally):\n#   - Does NOT close port 22 or add fail2ban (this is a honeypot — we want traffic)\n#   - Does NOT configure the agent (needs SIEM IP from Phase 1)\n# =============================================================================\n\nset -euo pipefail\nLOG=\"/var/log/siem-lab-bootstrap.log\"\nexec \u003e \u003e(tee -a \"$LOG\") 2\u003e\u00261\n\necho \"=== Honeypot Bootstrap Start: $(date) ===\"\n\n# =============================================================================\n# 1. SYSTEM UPDATES\n# =============================================================================\necho \"[1/5] Updating system packages...\"\nexport DEBIAN_FRONTEND=noninteractive\napt-get update -y\napt-get upgrade -y --no-install-recommends\napt-get install -y \\\n  curl \\\n  wget \\\n  gnupg \\\n  apt-transport-https \\\n  lsb-release \\\n  net-tools \\\n  jq \\\n  unzip\n\n# =============================================================================\n# 2. AUDITD — Linux Audit Daemon\n# Captures: exec events, privilege escalation, file changes, user creation\n# =============================================================================\necho \"[2/5] Installing and configuring auditd...\"\napt-get install -y auditd audispd-plugins\n\n# Write audit rules for Wazuh agent to ship\ncat \u003e /etc/audit/rules.d/siem-lab.rules \u003c\u003c 'AUDITEOF'\n# ---- SIEM Lab Audit Rules ----\n# These rules feed Wazuh's detection engine\n\n# Delete all existing rules first\n-D\n\n# Set buffer size (increase if events are dropping)\n-b 8192\n\n# ── Privilege Escalation / Sudo ────────────────────────────────────────────\n-a always,exit -F arch=b64 -S execve -F path=/usr/bin/sudo -k privilege_escalation\n-a always,exit -F arch=b64 -S execve -F path=/usr/bin/su -k privilege_escalation\n-w /etc/sudoers -p wa -k privilege_escalation\n-w /etc/sudoers.d/ -p wa -k privilege_escalation\n\n# ── User/Group Management ──────────────────────────────────────────────────\n-w /etc/passwd -p wa -k user_modification\n-w /etc/group -p wa -k user_modification\n-w /etc/shadow -p wa -k user_modification\n-w /usr/sbin/useradd -p x -k user_creation\n-w /usr/sbin/usermod -p x -k user_modification\n-w /usr/sbin/userdel -p x -k user_deletion\n-w /usr/sbin/groupadd -p x -k group_modification\n\n# ── Suspicious Command Execution ───────────────────────────────────────────\n-a always,exit -F arch=b64 -S execve -F path=/bin/bash -k shell_exec\n-a always,exit -F arch=b64 -S execve -F path=/usr/bin/python3 -k shell_exec\n-a always,exit -F arch=b64 -S execve -F path=/usr/bin/python -k shell_exec\n-a always,exit -F arch=b64 -S execve -F path=/usr/bin/nc -k network_tool\n-a always,exit -F arch=b64 -S execve -F path=/usr/bin/ncat -k network_tool\n-a always,exit -F arch=b64 -S execve -F path=/usr/bin/wget -k download_tool\n-a always,exit -F arch=b64 -S execve -F path=/usr/bin/curl -k download_tool\n-a always,exit -F arch=b64 -S execve -F path=/usr/bin/chmod -k permission_change\n-a always,exit -F arch=b64 -S execve -F path=/usr/bin/chown -k permission_change\n\n# ── Cron / Scheduled Tasks ─────────────────────────────────────────────────\n-w /etc/cron.d/ -p wa -k cron_modification\n-w /etc/crontab -p wa -k cron_modification\n-w /var/spool/cron/ -p wa -k cron_modification\n\n# ── SSH Config Changes ─────────────────────────────────────────────────────\n-w /etc/ssh/sshd_config -p wa -k ssh_config_change\n\n# ── Network Connections (for detecting reverse shells) ─────────────────────\n-a always,exit -F arch=b64 -S connect -k outbound_connection\n\n# Make rules immutable until reboot (optional — comment out during testing)\n# -e 2\nAUDITEOF\n\n# Restart auditd to apply rules\nsystemctl enable auditd\nsystemctl restart auditd\necho \"  auditd configured and running.\"\n\n# =============================================================================\n# 3. SSH HARDENING\n# Key-only auth (no passwords), but SSH stays on port 22 and exposed.\n# This is intentional — we harden the auth method while keeping the honeypot\n# visible to scanners. Attackers will try password auth and fail → alerts fire.\n# =============================================================================\necho \"[3/5] Hardening SSH (disable password auth, keep port 22 open)...\"\ncp /etc/ssh/sshd_config /etc/ssh/sshd_config.bak\n\n# Apply hardening settings\ncat \u003e\u003e /etc/ssh/sshd_config \u003c\u003c 'SSHEOF'\n\n# ---- SIEM Lab Hardening ----\nPasswordAuthentication no\nChallengeResponseAuthentication no\nPermitRootLogin no\nMaxAuthTries 6\nLoginGraceTime 30\nClientAliveInterval 300\nClientAliveCountMax 2\nSSHEOF\n\nsystemctl reload sshd\necho \"  SSH hardened: password auth disabled, key-only access.\"\n\n# =============================================================================\n# 4. WAZUH AGENT — Install (enrollment configured in Phase 2)\n# =============================================================================\necho \"[4/5] Installing Wazuh agent package...\"\n\n# Add Wazuh repository (GPG key + apt source)\ncurl -s https://packages.wazuh.com/key/GPG-KEY-WAZUH | gpg --dearmor -o /usr/share/keyrings/wazuh.gpg\necho \"deb [signed-by=/usr/share/keyrings/wazuh.gpg] https://packages.wazuh.com/4.x/apt/ stable main\" \\\n  \u003e /etc/apt/sources.list.d/wazuh.list\n\napt-get update -y\napt-get install -y wazuh-agent\n\n# Do NOT start/enable the agent yet — needs WAZUH_MANAGER IP from Phase 1\necho \"  Wazuh agent package installed. Enrollment deferred to Phase 2.\"\necho \"  To enroll (Phase 2): set WAZUH_MANAGER_IP and run:\"\necho \"    WAZUH_MANAGER=\u003csiem-ip\u003e systemctl restart wazuh-agent\"\n\n# =============================================================================\n# 5. MOTD — Disposable Lab Warning\n# =============================================================================\necho \"[5/5] Setting MOTD warning...\"\ncat \u003e /etc/motd \u003c\u003c 'MOTDEOF'\n╔══════════════════════════════════════════════════════════════════╗\n║           ⚠️  HONEYPOT / LAB MACHINE — DO NOT TRUST  ⚠️          ║\n║                                                                  ║\n║  This is an intentionally exposed honeypot for SIEM lab use.    ║\n║  DO NOT store any credentials, secrets, or sensitive data here. ║\n║  Treat as fully disposable. Destroy when not monitoring.        ║\n╚══════════════════════════════════════════════════════════════════╝\nMOTDEOF\n\n# =============================================================================\n# DONE\n# =============================================================================\necho \"\"\necho \"=== Honeypot Bootstrap Complete: $(date) ===\"\necho \"\"\necho \"Next steps:\"\necho \"  Phase 1: Install Wazuh stack on SIEM VM\"\necho \"  Phase 2: Set WAZUH_MANAGER=\u003csiem-ip\u003e and restart wazuh-agent\"\necho \"\"\necho \"Logs: $LOG\"\n"
            },
            "metadata_fingerprint": "4iSHRpi8L50=",
            "metadata_startup_script": null,
            "min_cpu_platform": "",
            "name": "siem-lab-honeypot",
            "network_interface": [
              {
                "access_config": [
                  {
                    "nat_ip": "35.224.179.191",
                    "network_tier": "PREMIUM",
                    "public_ptr_domain_name": ""
                  }
                ],
                "alias_ip_range": [],
                "internal_ipv6_prefix_length": 0,
                "ipv6_access_config": [],
                "ipv6_access_type": "",
                "ipv6_address": "",
                "name": "nic0",
                "network": "https://www.googleapis.com/compute/v1/projects/siem-detection-lab/global/networks/siem-lab-vpc",
                "network_ip": "10.0.1.3",
                "nic_type": "",
                "queue_count": 0,
                "stack_type": "IPV4_ONLY",
                "subnetwork": "https://www.googleapis.com/compute/v1/projects/siem-detection-lab/regions/us-central1/subnetworks/siem-lab-public-subnet",
                "subnetwork_project": "siem-detection-lab"
              }
            ],
            "network_performance_config": [],
            "params": [],
            "project": "siem-detection-lab",
            "reservation_affinity": [],
            "resource_policies": null,
            "scheduling": [
              {
                "automatic_restart": true,
                "instance_termination_action": "",
                "local_ssd_recovery_timeout": [],
                "max_run_duration": [],
                "min_node_cpus": 0,
                "node_affinities": [],
                "on_host_maintenance": "MIGRATE",
                "on_instance_stop_action": [],
                "preemptible": false,
                "provisioning_model": "STANDARD"
              }
            ],
            "scratch_disk": [],
            "self_link": "https://www.googleapis.com/compute/v1/projects/siem-detection-lab/zones/us-central1-a/instances/siem-lab-honeypot",
            "service_account": [],
            "shielded_instance_config": [
              {
                "enable_integrity_monitoring": true,
                "enable_secure_boot": false,
                "enable_vtpm": true
              }
            ],
            "tags": [
              "honeypot"
            ],
            "tags_fingerprint": "il-JPds7Zc4=",
            "terraform_labels": {},
            "timeouts": null,
            "zone": "us-central1-a"
          },
          "sensitive_attributes": [
            [
              {
                "type": "get_attr",
                "value": "boot_disk"
              },
              {
                "type": "index",
                "value": {
                  "value": 0,
                  "type": "number"
                }
              },
              {
                "type": "get_attr",
                "value": "disk_encryption_key_raw"
              }
            ]
          ],
          "identity_schema_version": 0,
          "private": "eyJlMmJmYjczMC1lY2FhLTExZTYtOGY4OC0zNDM2M2JjN2M0YzAiOnsiY3JlYXRlIjoxMjAwMDAwMDAwMDAwLCJkZWxldGUiOjEyMDAwMDAwMDAwMDAsInVwZGF0ZSI6MTIwMDAwMDAwMDAwMH0sInNjaGVtYV92ZXJzaW9uIjoiNiJ9",
          "dependencies": [
            "google_compute_network.siem_lab_vpc",
            "google_compute_subnetwork.public_subnet"
          ]
        }
      ]
    },
    {
      "mode": "managed",
      "type": "google_compute_instance",
      "name": "siem",
      "provider": "provider[\"registry.terraform.io/hashicorp/google\"]",
      "instances": [
        {
          "schema_version": 6,
          "attributes": {
            "advanced_machine_features": [],
            "allow_stopping_for_update": null,
            "attached_disk": [],
            "boot_disk": [
              {
                "auto_delete": true,
                "device_name": "persistent-disk-0",
                "disk_encryption_key_raw": "",
                "disk_encryption_key_sha256": "",
                "initialize_params": [
                  {
                    "enable_confidential_compute": false,
                    "image": "https://www.googleapis.com/compute/v1/projects/ubuntu-os-cloud/global/images/ubuntu-2204-jammy-v20260906",
                    "labels": {},
                    "provisioned_iops": 0,
                    "provisioned_throughput": 0,
                    "resource_manager_tags": null,
                    "size": 100,
                    "storage_pool": "",
                    "type": "pd-ssd"
                  }
                ],
                "kms_key_self_link": "",
                "mode": "READ_WRITE",
                "source": "https://www.googleapis.com/compute/v1/projects/siem-detection-lab/zones/us-central1-a/disks/siem-lab-wazuh"
              }
            ],
            "can_ip_forward": false,
            "confidential_instance_config": [],
            "cpu_platform": "AMD Rome",
            "current_status": "RUNNING",
            "deletion_protection": false,
            "description": "",
            "desired_status": null,
            "effective_labels": {},
            "enable_display": false,
            "guest_accelerator": [],
            "hostname": "",
            "id": "projects/siem-detection-lab/zones/us-central1-a/instances/siem-lab-wazuh",
            "instance_id": "3767079517278552716",
            "label_fingerprint": "42WmSpB8rSM=",
            "labels": null,
            "machine_type": "e2-standard-2",
            "metadata": {
              "ssh-keys": "ubuntu:ssh-rsa AAAAB3NzaC1yc2EAAAADAQABAAACAQDYRRmqA6qYi13FQhb/Gx6NOkcZvxo+T6Zc8ecM2FrFxzlSJWRqWaGjTANFq2u1V6HeomaC8+UxZTGniujZLgmG7xP1BGrhvoqM9NcVBlMa+Vyy9qx1srB9PLmhJ6k73N4pIpKb7EAe7FQATPt9YEucmgBzop1oUWKhvtXhMtBrQw+oXdcLpDVphtOfG6yITVZjUfEdwvg0D9xyevOT6jD0+QMiH4n/HR6uGIIidZ7Znlp9WRpWhawIXcUcHsFiFnaTLM7tXViHKCrwvRy8RWLRMNw1fE1ZTwwzi5NI4TKoAGeeXT02meUPg38X6sLJ9A+5SvxCgHd2i6kBas7W0XS2ldR8DSxZ48GJ6jXL8Uw2gFSwNf01l7Q5fggHpDvSVMqbccRpkVv35dyPoep6CmEHHRui2o4KzlYpOh5Ah/58Rv5r1HJLsZeicCQAeAMxeRdf4Xpseq7J/taiIHrPnQeEk4n7nFw0xkwjbs8i/oEmbBQqTR4OTshIVXrIdWPceXFkxxxP/DQpA80OEcKNWcdstyMK888nL3yRe+6N5pyt68EybZutRFuRFCbEfTEFhpkrmwS5JylpB8tN2/ONJ2EK+ygGE8som+IS4+NZTFSI1JF+YcsGNKbQF3VRUB5ylmDyE4KQEN8bjvikm3HXa5+RD2RsFuOLWO6bjyRzh21x4w== ubuntu\r\n"
            },
            "metadata_fingerprint": "5hDkT2phnVk=",
            "metadata_startup_script": null,
            "min_cpu_platform": "",
            "name": "siem-lab-wazuh",
            "network_interface": [
              {
                "access_config": [
                  {
                    "nat_ip": "34.29.210.72",
                    "network_tier": "PREMIUM",
                    "public_ptr_domain_name": ""
                  }
                ],
                "alias_ip_range": [],
                "internal_ipv6_prefix_length": 0,
                "ipv6_access_config": [],
                "ipv6_access_type": "",
                "ipv6_address": "",
                "name": "nic0",
                "network": "https://www.googleapis.com/compute/v1/projects/siem-detection-lab/global/networks/siem-lab-vpc",
                "network_ip": "10.0.1.2",
                "nic_type": "",
                "queue_count": 0,
                "stack_type": "IPV4_ONLY",
                "subnetwork": "https://www.googleapis.com/compute/v1/projects/siem-detection-lab/regions/us-central1/subnetworks/siem-lab-public-subnet",
                "subnetwork_project": "siem-detection-lab"
              }
            ],
            "network_performance_config": [],
            "params": [],
            "project": "siem-detection-lab",
            "reservation_affinity": [],
            "resource_policies": null,
            "scheduling": [
              {
                "automatic_restart": true,
                "instance_termination_action": "",
                "local_ssd_recovery_timeout": [],
                "max_run_duration": [],
                "min_node_cpus": 0,
                "node_affinities": [],
                "on_host_maintenance": "MIGRATE",
                "on_instance_stop_action": [],
                "preemptible": false,
                "provisioning_model": "STANDARD"
              }
            ],
            "scratch_disk": [],
            "self_link": "https://www.googleapis.com/compute/v1/projects/siem-detection-lab/zones/us-central1-a/instances/siem-lab-wazuh",
            "service_account": [],
            "shielded_instance_config": [
              {
                "enable_integrity_monitoring": true,
                "enable_secure_boot": false,
                "enable_vtpm": true
              }
            ],
            "tags": [
              "siem"
            ],
            "tags_fingerprint": "aFvzodYOeHY=",
            "terraform_labels": {},
            "timeouts": null,
            "zone": "us-central1-a"
          },
          "sensitive_attributes": [
            [
              {
                "type": "get_attr",
                "value": "boot_disk"
              },
              {
                "type": "index",
                "value": {
                  "value": 0,
                  "type": "number"
                }
              },
              {
                "type": "get_attr",
                "value": "disk_encryption_key_raw"
              }
            ]
          ],
          "identity_schema_version": 0,
          "private": "eyJlMmJmYjczMC1lY2FhLTExZTYtOGY4OC0zNDM2M2JjN2M0YzAiOnsiY3JlYXRlIjoxMjAwMDAwMDAwMDAwLCJkZWxldGUiOjEyMDAwMDAwMDAwMDAsInVwZGF0ZSI6MTIwMDAwMDAwMDAwMH0sInNjaGVtYV92ZXJzaW9uIjoiNiJ9",
          "dependencies": [
            "google_compute_network.siem_lab_vpc",
            "google_compute_subnetwork.public_subnet"
          ]
        }
      ]
    },
    {
      "mode": "managed",
      "type": "google_compute_network",
      "name": "siem_lab_vpc",
      "provider": "provider[\"registry.terraform.io/hashicorp/google\"]",
      "instances": [
        {
          "schema_version": 0,
          "attributes": {
            "auto_create_subnetworks": false,
            "delete_default_routes_on_create": false,
            "description": "",
            "enable_ula_internal_ipv6": false,
            "gateway_ipv4": "",
            "id": "projects/siem-detection-lab/global/networks/siem-lab-vpc",
            "internal_ipv6_range": "",
            "mtu": 0,
            "name": "siem-lab-vpc",
            "network_firewall_policy_enforcement_order": "AFTER_CLASSIC_FIREWALL",
            "numeric_id": "4193096936821736152",
            "project": "siem-detection-lab",
            "routing_mode": "REGIONAL",
            "self_link": "https://www.googleapis.com/compute/v1/projects/siem-detection-lab/global/networks/siem-lab-vpc",
            "timeouts": null
          },
          "sensitive_attributes": [],
          "identity_schema_version": 0,
          "private": "eyJlMmJmYjczMC1lY2FhLTExZTYtOGY4OC0zNDM2M2JjN2M0YzAiOnsiY3JlYXRlIjoxMjAwMDAwMDAwMDAwLCJkZWxldGUiOjEyMDAwMDAwMDAwMDAsInVwZGF0ZSI6MTIwMDAwMDAwMDAwMH19"
        }
      ]
    },
    {
      "mode": "managed",
      "type": "google_compute_subnetwork",
      "name": "public_subnet",
      "provider": "provider[\"registry.terraform.io/hashicorp/google\"]",
      "instances": [
        {
          "schema_version": 0,
          "attributes": {
            "creation_timestamp": "2026-09-11T15:10:23.901-07:00",
            "description": "",
            "external_ipv6_prefix": "",
            "fingerprint": null,
            "gateway_address": "10.0.1.1",
            "id": "projects/siem-detection-lab/regions/us-central1/subnetworks/siem-lab-public-subnet",
            "internal_ipv6_prefix": "",
            "ip_cidr_range": "10.0.1.0/24",
            "ipv6_access_type": "",
            "ipv6_cidr_range": "",
            "log_config": [],
            "name": "siem-lab-public-subnet",
            "network": "https://www.googleapis.com/compute/v1/projects/siem-detection-lab/global/networks/siem-lab-vpc",
            "private_ip_google_access": false,
            "private_ipv6_google_access": "DISABLE_GOOGLE_ACCESS",
            "project": "siem-detection-lab",
            "purpose": "PRIVATE",
            "region": "us-central1",
            "role": "",
            "secondary_ip_range": [],
            "self_link": "https://www.googleapis.com/compute/v1/projects/siem-detection-lab/regions/us-central1/subnetworks/siem-lab-public-subnet",
            "send_secondary_ip_range_if_empty": null,
            "stack_type": "IPV4_ONLY",
            "timeouts": null
          },
          "sensitive_attributes": [],
          "identity_schema_version": 0,
          "private": "eyJlMmJmYjczMC1lY2FhLTExZTYtOGY4OC0zNDM2M2JjN2M0YzAiOnsiY3JlYXRlIjoxMjAwMDAwMDAwMDAwLCJkZWxldGUiOjEyMDAwMDAwMDAwMDAsInVwZGF0ZSI6MTIwMDAwMDAwMDAwMH19",
          "dependencies": [
            "google_compute_network.siem_lab_vpc"
          ]
        }
      ]
    }
  ],
  "check_results": [
    {
      "object_kind": "var",
      "config_addr": "var.your_public_ip",
      "status": "pass",
      "objects": [
        {
          "object_addr": "var.your_public_ip",
          "status": "pass"
        }
      ]
    }
  ]
}
